
Microsoft Visual Studio Solution File, Format Version 12.00
# Visual Studio Version 16
VisualStudioVersion = 16.0.30804.86
MinimumVisualStudioVersion = 10.0.40219.1
Project("{2150E333-8FDC-42A3-9474-1A3956D46DE8}") = "Domain.Foundation", "Domain.Foundation", "{255329B1-F730-40E0-80B8-73D8B47682AC}"
EndProject
Project("{9A19103F-16F7-4668-BE54-9A1E7A4F7556}") = "Domain.Foundation", "Domain.Foundation\Domain.Foundation\Domain.Foundation.csproj", "{4463BF51-9B6C-4999-B71B-ABF691F97984}"
EndProject
Project("{9A19103F-16F7-4668-BE54-9A1E7A4F7556}") = "Domain.Foundation.Tests", "Domain.Foundation\Domain.Foundation.Tests\Domain.Foundation.Tests.csproj", "{F4109CBF-3569-4946-BD4C-E293B140F4F6}"
EndProject
Project("{2150E333-8FDC-42A3-9474-1A3956D46DE8}") = "Sales", "Sales", "{DBC8FD88-01F9-48CD-BF80-7ADB056ECF13}"
EndProject
Project("{9A19103F-16F7-4668-BE54-9A1E7A4F7556}") = "Shopping.Sales", "Sales\Shopping.Sales\Shopping.Sales.csproj", "{FC471C3E-CC01-4DA3-8FEE-56541687C77D}"
EndProject
Project("{9A19103F-16F7-4668-BE54-9A1E7A4F7556}") = "Shopping.Sales.Infrastructure", "Sales\Shopping.Sales.Infrastructure\Shopping.Sales.Infrastructure.csproj", "{BD4DF5F6-8113-48C3-85DD-D5D1C08A0C70}"
EndProject
Project("{9A19103F-16F7-4668-BE54-9A1E7A4F7556}") = "Shopping.Sales.Storage.EntityFramework", "Sales\Shopping.Sales.Storage.EntityFramework\Shopping.Sales.Storage.EntityFramework.csproj", "{56DDAD4D-43EA-472E-94C5-0891735E79FF}"
EndProject
Project("{2150E333-8FDC-42A3-9474-1A3956D46DE8}") = "App", "App", "{A86BA9C7-A5C0-4054-83A3-412D3AEA9F6B}"
EndProject
Project("{9A19103F-16F7-4668-BE54-9A1E7A4F7556}") = "Domain.Foundation.EventStore", "Domain.Foundation\Domain.Foundation.EventStore\Domain.Foundation.EventStore.csproj", "{A0051886-B634-4416-9C58-12B4D182F072}"
EndProject
Project("{9A19103F-16F7-4668-BE54-9A1E7A4F7556}") = "Shopping.Components", "App\Shopping.Components\Shopping.Components.csproj", "{019C548B-0C0D-4410-8637-FB2757BFF640}"
EndProject
Project("{9A19103F-16F7-4668-BE54-9A1E7A4F7556}") = "Shopping.Server", "App\Shopping.Server\Shopping.Server.csproj", "{9540B9F3-E9A9-46CE-98DF-1995DC26A9C0}"
EndProject
Project("{9A19103F-16F7-4668-BE54-9A1E7A4F7556}") = "Shopping.Sales.Api", "Sales\Shopping.Sales.Api\Shopping.Sales.Api.csproj", "{781FFC80-9574-4305-97AC-5EBF120E2770}"
EndProject
Project("{9A19103F-16F7-4668-BE54-9A1E7A4F7556}") = "Domain.Foundation.SourceGenerator", "Domain.Foundation\Domain.Foundation.SourceGenerator\Domain.Foundation.SourceGenerator.csproj", "{7ACA1640-2BD7-4CDD-9748-14D945BFB8C1}"
EndProject
Project("{FAE04EC0-301F-11D3-BF4B-00C04F79EFBC}") = "Domain.Foundation.SourceGenerator.Tests", "Domain.Foundation\Domain.Foundation.SourceGenerator.Tests\Domain.Foundation.SourceGenerator.Tests.csproj", "{527085B8-B5AE-4D60-8C03-16AED4D8D605}"
EndProject
Global
	GlobalSection(SolutionConfigurationPlatforms) = preSolution
		Debug|Any CPU = Debug|Any CPU
		Release|Any CPU = Release|Any CPU
	EndGlobalSection
	GlobalSection(ProjectConfigurationPlatforms) = postSolution
		{4463BF51-9B6C-4999-B71B-ABF691F97984}.Debug|Any CPU.ActiveCfg = Debug|Any CPU
		{4463BF51-9B6C-4999-B71B-ABF691F97984}.Debug|Any CPU.Build.0 = Debug|Any CPU
		{4463BF51-9B6C-4999-B71B-ABF691F97984}.Release|Any CPU.ActiveCfg = Release|Any CPU
		{4463BF51-9B6C-4999-B71B-ABF691F97984}.Release|Any CPU.Build.0 = Release|Any CPU
		{F4109CBF-3569-4946-BD4C-E293B140F4F6}.Debug|Any CPU.ActiveCfg = Debug|Any CPU
		{F4109CBF-3569-4946-BD4C-E293B140F4F6}.Debug|Any CPU.Build.0 = Debug|Any CPU
		{F4109CBF-3569-4946-BD4C-E293B140F4F6}.Release|Any CPU.ActiveCfg = Release|Any CPU
		{F4109CBF-3569-4946-BD4C-E293B140F4F6}.Release|Any CPU.Build.0 = Release|Any CPU
		{FC471C3E-CC01-4DA3-8FEE-56541687C77D}.Debug|Any CPU.ActiveCfg = Debug|Any CPU
		{FC471C3E-CC01-4DA3-8FEE-56541687C77D}.Debug|Any CPU.Build.0 = Debug|Any CPU
		{FC471C3E-CC01-4DA3-8FEE-56541687C77D}.Release|Any CPU.ActiveCfg = Release|Any CPU
		{FC471C3E-CC01-4DA3-8FEE-56541687C77D}.Release|Any CPU.Build.0 = Release|Any CPU
		{BD4DF5F6-8113-48C3-85DD-D5D1C08A0C70}.Debug|Any CPU.ActiveCfg = Debug|Any CPU
		{BD4DF5F6-8113-48C3-85DD-D5D1C08A0C70}.Debug|Any CPU.Build.0 = Debug|Any CPU
		{BD4DF5F6-8113-48C3-85DD-D5D1C08A0C70}.Release|Any CPU.ActiveCfg = Release|Any CPU
		{BD4DF5F6-8113-48C3-85DD-D5D1C08A0C70}.Release|Any CPU.Build.0 = Release|Any CPU
		{56DDAD4D-43EA-472E-94C5-0891735E79FF}.Debug|Any CPU.ActiveCfg = Debug|Any CPU
		{56DDAD4D-43EA-472E-94C5-0891735E79FF}.Debug|Any CPU.Build.0 = Debug|Any CPU
		{56DDAD4D-43EA-472E-94C5-0891735E79FF}.Release|Any CPU.ActiveCfg = Release|Any CPU
		{56DDAD4D-43EA-472E-94C5-0891735E79FF}.Release|Any CPU.Build.0 = Release|Any CPU
		{A0051886-B634-4416-9C58-12B4D182F072}.Debug|Any CPU.ActiveCfg = Debug|Any CPU
		{A0051886-B634-4416-9C58-12B4D182F072}.Debug|Any CPU.Build.0 = Debug|Any CPU
		{A0051886-B634-4416-9C58-12B4D182F072}.Release|Any CPU.ActiveCfg = Release|Any CPU
		{A0051886-B634-4416-9C58-12B4D182F072}.Release|Any CPU.Build.0 = Release|Any CPU
		{019C548B-0C0D-4410-8637-FB2757BFF640}.Debug|Any CPU.ActiveCfg = Debug|Any CPU
		{019C548B-0C0D-4410-8637-FB2757BFF640}.Debug|Any CPU.Build.0 = Debug|Any CPU
		{019C548B-0C0D-4410-8637-FB2757BFF640}.Release|Any CPU.ActiveCfg = Release|Any CPU
		{019C548B-0C0D-4410-8637-FB2757BFF640}.Release|Any CPU.Build.0 = Release|Any CPU
		{9540B9F3-E9A9-46CE-98DF-1995DC26A9C0}.Debug|Any CPU.ActiveCfg = Debug|Any CPU
		{9540B9F3-E9A9-46CE-98DF-1995DC26A9C0}.Debug|Any CPU.Build.0 = Debug|Any CPU
		{9540B9F3-E9A9-46CE-98DF-1995DC26A9C0}.Release|Any CPU.ActiveCfg = Release|Any CPU
		{9540B9F3-E9A9-46CE-98DF-1995DC26A9C0}.Release|Any CPU.Build.0 = Release|Any CPU
		{781FFC80-9574-4305-97AC-5EBF120E2770}.Debug|Any CPU.ActiveCfg = Debug|Any CPU
		{781FFC80-9574-4305-97AC-5EBF120E2770}.Debug|Any CPU.Build.0 = Debug|Any CPU
		{781FFC80-9574-4305-97AC-5EBF120E2770}.Release|Any CPU.ActiveCfg = Release|Any CPU
		{781FFC80-9574-4305-97AC-5EBF120E2770}.Release|Any CPU.Build.0 = Release|Any CPU
		{7ACA1640-2BD7-4CDD-9748-14D945BFB8C1}.Debug|Any CPU.ActiveCfg = Debug|Any CPU
		{7ACA1640-2BD7-4CDD-9748-14D945BFB8C1}.Debug|Any CPU.Build.0 = Debug|Any CPU
		{7ACA1640-2BD7-4CDD-9748-14D945BFB8C1}.Release|Any CPU.ActiveCfg = Release|Any CPU
		{7ACA1640-2BD7-4CDD-9748-14D945BFB8C1}.Release|Any CPU.Build.0 = Release|Any CPU
		{527085B8-B5AE-4D60-8C03-16AED4D8D605}.Debug|Any CPU.ActiveCfg = Debug|Any CPU
		{527085B8-B5AE-4D60-8C03-16AED4D8D605}.Debug|Any CPU.Build.0 = Debug|Any CPU
		{527085B8-B5AE-4D60-8C03-16AED4D8D605}.Release|Any CPU.ActiveCfg = Release|Any CPU
		{527085B8-B5AE-4D60-8C03-16AED4D8D605}.Release|Any CPU.Build.0 = Release|Any CPU
	EndGlobalSection
	GlobalSection(SolutionProperties) = preSolution
		HideSolutionNode = FALSE
	EndGlobalSection
	GlobalSection(NestedProjects) = preSolution
		{4463BF51-9B6C-4999-B71B-ABF691F97984} = {255329B1-F730-40E0-80B8-73D8B47682AC}
		{F4109CBF-3569-4946-BD4C-E293B140F4F6} = {255329B1-F730-40E0-80B8-73D8B47682AC}
		{FC471C3E-CC01-4DA3-8FEE-56541687C77D} = {DBC8FD88-01F9-48CD-BF80-7ADB056ECF13}
		{BD4DF5F6-8113-48C3-85DD-D5D1C08A0C70} = {DBC8FD88-01F9-48CD-BF80-7ADB056ECF13}
		{56DDAD4D-43EA-472E-94C5-0891735E79FF} = {DBC8FD88-01F9-48CD-BF80-7ADB056ECF13}
		{A0051886-B634-4416-9C58-12B4D182F072} = {255329B1-F730-40E0-80B8-73D8B47682AC}
		{019C548B-0C0D-4410-8637-FB2757BFF640} = {A86BA9C7-A5C0-4054-83A3-412D3AEA9F6B}
		{9540B9F3-E9A9-46CE-98DF-1995DC26A9C0} = {A86BA9C7-A5C0-4054-83A3-412D3AEA9F6B}
		{781FFC80-9574-4305-97AC-5EBF120E2770} = {DBC8FD88-01F9-48CD-BF80-7ADB056ECF13}
		{7ACA1640-2BD7-4CDD-9748-14D945BFB8C1} = {255329B1-F730-40E0-80B8-73D8B47682AC}
		{527085B8-B5AE-4D60-8C03-16AED4D8D605} = {255329B1-F730-40E0-80B8-73D8B47682AC}
	EndGlobalSection
	GlobalSection(ExtensibilityGlobals) = postSolution
		SolutionGuid = {07EB8E1F-4C26-4346-9070-13D51A1227F7}
	EndGlobalSection
EndGlobal
